// !$*UTF8*$!
{
	archiveVersion = 1;
	classes = {
	};
	objectVersion = 55;
	objects = {

/* Begin PBXBuildFile section */
		212ED3092873172E006100CA /* CreateCategoryScreen.swift in Sources */ = {isa = PBXBuildFile; fileRef = 212ED3082873172E006100CA /* CreateCategoryScreen.swift */; };
		212ED30A2873172E006100CA /* CreateCategoryScreen.swift in Sources */ = {isa = PBXBuildFile; fileRef = 212ED3082873172E006100CA /* CreateCategoryScreen.swift */; };
		212ED30C287320B2006100CA /* ExpenceCategory.swift in Sources */ = {isa = PBXBuildFile; fileRef = 212ED30B287320B2006100CA /* ExpenceCategory.swift */; };
		212ED30D287320B2006100CA /* ExpenceCategory.swift in Sources */ = {isa = PBXBuildFile; fileRef = 212ED30B287320B2006100CA /* ExpenceCategory.swift */; };
		21691C7A286EE3CC00C750DE /* ViewExtension.swift in Sources */ = {isa = PBXBuildFile; fileRef = 21691C79286EE3CC00C750DE /* ViewExtension.swift */; };
		21691C7B286EE3CC00C750DE /* ViewExtension.swift in Sources */ = {isa = PBXBuildFile; fileRef = 21691C79286EE3CC00C750DE /* ViewExtension.swift */; };
		21691C7D286EE55500C750DE /* BudgetScreen.swift in Sources */ = {isa = PBXBuildFile; fileRef = 21691C7C286EE55500C750DE /* BudgetScreen.swift */; };
		21691C7E286EE55500C750DE /* BudgetScreen.swift in Sources */ = {isa = PBXBuildFile; fileRef = 21691C7C286EE55500C750DE /* BudgetScreen.swift */; };
		21691C86286F137900C750DE /* Income.swift in Sources */ = {isa = PBXBuildFile; fileRef = 21691C85286F137900C750DE /* Income.swift */; };
		21691C87286F137900C750DE /* Income.swift in Sources */ = {isa = PBXBuildFile; fileRef = 21691C85286F137900C750DE /* Income.swift */; };
		21691C89286F2ED300C750DE /* CategoriesScreen.swift in Sources */ = {isa = PBXBuildFile; fileRef = 21691C88286F2ED300C750DE /* CategoriesScreen.swift */; };
		21691C8A286F2ED300C750DE /* CategoriesScreen.swift in Sources */ = {isa = PBXBuildFile; fileRef = 21691C88286F2ED300C750DE /* CategoriesScreen.swift */; };
		21699B54286C3F6D0023C4F7 /* RouterScreen.swift in Sources */ = {isa = PBXBuildFile; fileRef = 21699B53286C3F6D0023C4F7 /* RouterScreen.swift */; };
		21699B55286C3F6D0023C4F7 /* RouterScreen.swift in Sources */ = {isa = PBXBuildFile; fileRef = 21699B53286C3F6D0023C4F7 /* RouterScreen.swift */; };
		21699B57286C433B0023C4F7 /* HomeScreen.swift in Sources */ = {isa = PBXBuildFile; fileRef = 21699B56286C433B0023C4F7 /* HomeScreen.swift */; };
		21699B58286C433B0023C4F7 /* HomeScreen.swift in Sources */ = {isa = PBXBuildFile; fileRef = 21699B56286C433B0023C4F7 /* HomeScreen.swift */; };
		21699B5A286C51D70023C4F7 /* TopTabView.swift in Sources */ = {isa = PBXBuildFile; fileRef = 21699B59286C51D70023C4F7 /* TopTabView.swift */; };
		21699B5B286C51D70023C4F7 /* TopTabView.swift in Sources */ = {isa = PBXBuildFile; fileRef = 21699B59286C51D70023C4F7 /* TopTabView.swift */; };
		219B4D64286B0BAA0031089B /* spender.xcdatamodeld in Sources */ = {isa = PBXBuildFile; fileRef = 219B4D51286B0BA60031089B /* spender.xcdatamodeld */; };
		219B4D65286B0BAA0031089B /* spender.xcdatamodeld in Sources */ = {isa = PBXBuildFile; fileRef = 219B4D51286B0BA60031089B /* spender.xcdatamodeld */; };
		219B4D66286B0BAA0031089B /* spenderApp.swift in Sources */ = {isa = PBXBuildFile; fileRef = 219B4D53286B0BA60031089B /* spenderApp.swift */; };
		219B4D67286B0BAA0031089B /* spenderApp.swift in Sources */ = {isa = PBXBuildFile; fileRef = 219B4D53286B0BA60031089B /* spenderApp.swift */; };
		219B4D68286B0BAA0031089B /* ContentView.swift in Sources */ = {isa = PBXBuildFile; fileRef = 219B4D54286B0BA60031089B /* ContentView.swift */; };
		219B4D69286B0BAA0031089B /* ContentView.swift in Sources */ = {isa = PBXBuildFile; fileRef = 219B4D54286B0BA60031089B /* ContentView.swift */; };
		219B4D6A286B0BAA0031089B /* Persistence.swift in Sources */ = {isa = PBXBuildFile; fileRef = 219B4D55286B0BA60031089B /* Persistence.swift */; };
		219B4D6B286B0BAA0031089B /* Persistence.swift in Sources */ = {isa = PBXBuildFile; fileRef = 219B4D55286B0BA60031089B /* Persistence.swift */; };
		219B4D6C286B0BAA0031089B /* Assets.xcassets in Resources */ = {isa = PBXBuildFile; fileRef = 219B4D56286B0BAA0031089B /* Assets.xcassets */; };
		219B4D6D286B0BAA0031089B /* Assets.xcassets in Resources */ = {isa = PBXBuildFile; fileRef = 219B4D56286B0BAA0031089B /* Assets.xcassets */; };
		219B4D7A286B0DC80031089B /* WelcomeScreen.swift in Sources */ = {isa = PBXBuildFile; fileRef = 219B4D79286B0DC80031089B /* WelcomeScreen.swift */; };
		219B4D7B286B0DC80031089B /* WelcomeScreen.swift in Sources */ = {isa = PBXBuildFile; fileRef = 219B4D79286B0DC80031089B /* WelcomeScreen.swift */; };
		219B4D7E286B17CF0031089B /* BrandColors.swift in Sources */ = {isa = PBXBuildFile; fileRef = 219B4D7D286B17CF0031089B /* BrandColors.swift */; };
		219B4D7F286B17CF0031089B /* BrandColors.swift in Sources */ = {isa = PBXBuildFile; fileRef = 219B4D7D286B17CF0031089B /* BrandColors.swift */; };
		219B4D84286B1D210031089B /* CarouselItemView.swift in Sources */ = {isa = PBXBuildFile; fileRef = 219B4D83286B1D210031089B /* CarouselItemView.swift */; };
		219B4D85286B1D210031089B /* CarouselItemView.swift in Sources */ = {isa = PBXBuildFile; fileRef = 219B4D83286B1D210031089B /* CarouselItemView.swift */; };
		21B69C96286B26C90051D81F /* CarouselItem.swift in Sources */ = {isa = PBXBuildFile; fileRef = 21B69C95286B26C90051D81F /* CarouselItem.swift */; };
		21B69C97286B26C90051D81F /* CarouselItem.swift in Sources */ = {isa = PBXBuildFile; fileRef = 21B69C95286B26C90051D81F /* CarouselItem.swift */; };
		21B69C99286B30F70051D81F /* ButtonExtension.swift in Sources */ = {isa = PBXBuildFile; fileRef = 21B69C98286B30F70051D81F /* ButtonExtension.swift */; };
		21B69C9A286B30F70051D81F /* ButtonExtension.swift in Sources */ = {isa = PBXBuildFile; fileRef = 21B69C98286B30F70051D81F /* ButtonExtension.swift */; };
		21B69C9F286B38FE0051D81F /* User.swift in Sources */ = {isa = PBXBuildFile; fileRef = 21B69C9E286B38FE0051D81F /* User.swift */; };
		21B69CA0286B38FE0051D81F /* User.swift in Sources */ = {isa = PBXBuildFile; fileRef = 21B69C9E286B38FE0051D81F /* User.swift */; };
		21B69CA2286B47790051D81F /* GuardScreen.swift in Sources */ = {isa = PBXBuildFile; fileRef = 21B69CA1286B47790051D81F /* GuardScreen.swift */; };
		21B69CA3286B47790051D81F /* GuardScreen.swift in Sources */ = {isa = PBXBuildFile; fileRef = 21B69CA1286B47790051D81F /* GuardScreen.swift */; };
/* End PBXBuildFile section */

/* Begin PBXFileReference section */
		212ED3082873172E006100CA /* CreateCategoryScreen.swift */ = {isa = PBXFileReference; lastKnownFileType = sourcecode.swift; path = CreateCategoryScreen.swift; sourceTree = "<group>"; };
		212ED30B287320B2006100CA /* ExpenceCategory.swift */ = {isa = PBXFileReference; lastKnownFileType = sourcecode.swift; path = ExpenceCategory.swift; sourceTree = "<group>"; };
		21691C79286EE3CC00C750DE /* ViewExtension.swift */ = {isa = PBXFileReference; lastKnownFileType = sourcecode.swift; path = ViewExtension.swift; sourceTree = "<group>"; };
		21691C7C286EE55500C750DE /* BudgetScreen.swift */ = {isa = PBXFileReference; lastKnownFileType = sourcecode.swift; path = BudgetScreen.swift; sourceTree = "<group>"; };
		21691C85286F137900C750DE /* Income.swift */ = {isa = PBXFileReference; lastKnownFileType = sourcecode.swift; path = Income.swift; sourceTree = "<group>"; };
		21691C88286F2ED300C750DE /* CategoriesScreen.swift */ = {isa = PBXFileReference; lastKnownFileType = sourcecode.swift; path = CategoriesScreen.swift; sourceTree = "<group>"; };
		21699B53286C3F6D0023C4F7 /* RouterScreen.swift */ = {isa = PBXFileReference; lastKnownFileType = sourcecode.swift; path = RouterScreen.swift; sourceTree = "<group>"; };
		21699B56286C433B0023C4F7 /* HomeScreen.swift */ = {isa = PBXFileReference; lastKnownFileType = sourcecode.swift; path = HomeScreen.swift; sourceTree = "<group>"; };
		21699B59286C51D70023C4F7 /* TopTabView.swift */ = {isa = PBXFileReference; lastKnownFileType = sourcecode.swift; path = TopTabView.swift; sourceTree = "<group>"; };
		21699B5C286C55E00023C4F7 /* spender (iOS).entitlements */ = {isa = PBXFileReference; lastKnownFileType = text.plist.entitlements; path = "spender (iOS).entitlements"; sourceTree = "<group>"; };
		219B4D52286B0BA60031089B /* Shared.xcdatamodel */ = {isa = PBXFileReference; lastKnownFileType = wrapper.xcdatamodel; path = Shared.xcdatamodel; sourceTree = "<group>"; };
		219B4D53286B0BA60031089B /* spenderApp.swift */ = {isa = PBXFileReference; lastKnownFileType = sourcecode.swift; path = spenderApp.swift; sourceTree = "<group>"; };
		219B4D54286B0BA60031089B /* ContentView.swift */ = {isa = PBXFileReference; lastKnownFileType = sourcecode.swift; path = ContentView.swift; sourceTree = "<group>"; };
		219B4D55286B0BA60031089B /* Persistence.swift */ = {isa = PBXFileReference; lastKnownFileType = sourcecode.swift; path = Persistence.swift; sourceTree = "<group>"; };
		219B4D56286B0BAA0031089B /* Assets.xcassets */ = {isa = PBXFileReference; lastKnownFileType = folder.assetcatalog; path = Assets.xcassets; sourceTree = "<group>"; };
		219B4D5B286B0BAA0031089B /* Spender.app */ = {isa = PBXFileReference; explicitFileType = wrapper.application; includeInIndex = 0; path = Spender.app; sourceTree = BUILT_PRODUCTS_DIR; };
		219B4D61286B0BAA0031089B /* spender.app */ = {isa = PBXFileReference; explicitFileType = wrapper.application; includeInIndex = 0; path = spender.app; sourceTree = BUILT_PRODUCTS_DIR; };
		219B4D63286B0BAA0031089B /* macOS.entitlements */ = {isa = PBXFileReference; lastKnownFileType = text.plist.entitlements; path = macOS.entitlements; sourceTree = "<group>"; };
		219B4D79286B0DC80031089B /* WelcomeScreen.swift */ = {isa = PBXFileReference; lastKnownFileType = sourcecode.swift; path = WelcomeScreen.swift; sourceTree = "<group>"; };
		219B4D7D286B17CF0031089B /* BrandColors.swift */ = {isa = PBXFileReference; lastKnownFileType = sourcecode.swift; path = BrandColors.swift; sourceTree = "<group>"; };
		219B4D83286B1D210031089B /* CarouselItemView.swift */ = {isa = PBXFileReference; lastKnownFileType = sourcecode.swift; path = CarouselItemView.swift; sourceTree = "<group>"; };
		21B69C95286B26C90051D81F /* CarouselItem.swift */ = {isa = PBXFileReference; lastKnownFileType = sourcecode.swift; path = CarouselItem.swift; sourceTree = "<group>"; };
		21B69C98286B30F70051D81F /* ButtonExtension.swift */ = {isa = PBXFileReference; lastKnownFileType = sourcecode.swift; path = ButtonExtension.swift; sourceTree = "<group>"; };
		21B69C9E286B38FE0051D81F /* User.swift */ = {isa = PBXFileReference; lastKnownFileType = sourcecode.swift; path = User.swift; sourceTree = "<group>"; };
		21B69CA1286B47790051D81F /* GuardScreen.swift */ = {isa = PBXFileReference; lastKnownFileType = sourcecode.swift; path = GuardScreen.swift; sourceTree = "<group>"; };
/* End PBXFileReference section */

/* Begin PBXFrameworksBuildPhase section */
		219B4D58286B0BAA0031089B /* Frameworks */ = {
			isa = PBXFrameworksBuildPhase;
			buildActionMask = 2147483647;
			files = (
			);
			runOnlyForDeploymentPostprocessing = 0;
		};
		219B4D5E286B0BAA0031089B /* Frameworks */ = {
			isa = PBXFrameworksBuildPhase;
			buildActionMask = 2147483647;
			files = (
			);
			runOnlyForDeploymentPostprocessing = 0;
		};
/* End PBXFrameworksBuildPhase section */

/* Begin PBXGroup section */
		219B4D4B286B0BA60031089B = {
			isa = PBXGroup;
			children = (
				21699B5C286C55E00023C4F7 /* spender (iOS).entitlements */,
				219B4D50286B0BA60031089B /* Shared */,
				219B4D62286B0BAA0031089B /* macOS */,
				219B4D5C286B0BAA0031089B /* Products */,
			);
			sourceTree = "<group>";
		};
		219B4D50286B0BA60031089B /* Shared */ = {
			isa = PBXGroup;
			children = (
				219B4D7C286B17B90031089B /* Utils */,
				219B4D78286B0BE10031089B /* Screens */,
				219B4D77286B0BDA0031089B /* Models */,
				219B4D76286B0BD20031089B /* Views */,
				219B4D53286B0BA60031089B /* spenderApp.swift */,
				219B4D56286B0BAA0031089B /* Assets.xcassets */,
			);
			path = Shared;
			sourceTree = "<group>";
		};
		219B4D5C286B0BAA0031089B /* Products */ = {
			isa = PBXGroup;
			children = (
				219B4D5B286B0BAA0031089B /* Spender.app */,
				219B4D61286B0BAA0031089B /* spender.app */,
			);
			name = Products;
			sourceTree = "<group>";
		};
		219B4D62286B0BAA0031089B /* macOS */ = {
			isa = PBXGroup;
			children = (
				219B4D63286B0BAA0031089B /* macOS.entitlements */,
			);
			path = macOS;
			sourceTree = "<group>";
		};
		219B4D76286B0BD20031089B /* Views */ = {
			isa = PBXGroup;
			children = (
				219B4D83286B1D210031089B /* CarouselItemView.swift */,
				21699B59286C51D70023C4F7 /* TopTabView.swift */,
			);
			path = Views;
			sourceTree = "<group>";
		};
		219B4D77286B0BDA0031089B /* Models */ = {
			isa = PBXGroup;
			children = (
				219B4D51286B0BA60031089B /* spender.xcdatamodeld */,
				219B4D55286B0BA60031089B /* Persistence.swift */,
				21B69C95286B26C90051D81F /* CarouselItem.swift */,
				21B69C9E286B38FE0051D81F /* User.swift */,
				21691C85286F137900C750DE /* Income.swift */,
				212ED30B287320B2006100CA /* ExpenceCategory.swift */,
			);
			path = Models;
			sourceTree = "<group>";
		};
		219B4D78286B0BE10031089B /* Screens */ = {
			isa = PBXGroup;
			children = (
				219B4D54286B0BA60031089B /* ContentView.swift */,
				219B4D79286B0DC80031089B /* WelcomeScreen.swift */,
				21B69CA1286B47790051D81F /* GuardScreen.swift */,
				21699B53286C3F6D0023C4F7 /* RouterScreen.swift */,
				21699B56286C433B0023C4F7 /* HomeScreen.swift */,
				21691C7C286EE55500C750DE /* BudgetScreen.swift */,
				21691C88286F2ED300C750DE /* CategoriesScreen.swift */,
				212ED3082873172E006100CA /* CreateCategoryScreen.swift */,
			);
			path = Screens;
			sourceTree = "<group>";
		};
		219B4D7C286B17B90031089B /* Utils */ = {
			isa = PBXGroup;
			children = (
				219B4D7D286B17CF0031089B /* BrandColors.swift */,
				21B69C98286B30F70051D81F /* ButtonExtension.swift */,
				21691C79286EE3CC00C750DE /* ViewExtension.swift */,
			);
			path = Utils;
			sourceTree = "<group>";
		};
/* End PBXGroup section */

/* Begin PBXNativeTarget section */
		219B4D5A286B0BAA0031089B /* spender (iOS) */ = {
			isa = PBXNativeTarget;
			buildConfigurationList = 219B4D70286B0BAA0031089B /* Build configuration list for PBXNativeTarget "spender (iOS)" */;
			buildPhases = (
				219B4D57286B0BAA0031089B /* Sources */,
				219B4D58286B0BAA0031089B /* Frameworks */,
				219B4D59286B0BAA0031089B /* Resources */,
			);
			buildRules = (
			);
			dependencies = (
			);
			name = "spender (iOS)";
			productName = "spender (iOS)";
			productReference = 219B4D5B286B0BAA0031089B /* Spender.app */;
			productType = "com.apple.product-type.application";
		};
		219B4D60286B0BAA0031089B /* spender (macOS) */ = {
			isa = PBXNativeTarget;
			buildConfigurationList = 219B4D73286B0BAA0031089B /* Build configuration list for PBXNativeTarget "spender (macOS)" */;
			buildPhases = (
				219B4D5D286B0BAA0031089B /* Sources */,
				219B4D5E286B0BAA0031089B /* Frameworks */,
				219B4D5F286B0BAA0031089B /* Resources */,
			);
			buildRules = (
			);
			dependencies = (
			);
			name = "spender (macOS)";
			productName = "spender (macOS)";
			productReference = 219B4D61286B0BAA0031089B /* spender.app */;
			productType = "com.apple.product-type.application";
		};
/* End PBXNativeTarget section */

/* Begin PBXProject section */
		219B4D4C286B0BA60031089B /* Project object */ = {
			isa = PBXProject;
			attributes = {
				BuildIndependentTargetsInParallel = 1;
				LastSwiftUpdateCheck = 1340;
				LastUpgradeCheck = 1340;
				TargetAttributes = {
					219B4D5A286B0BAA0031089B = {
						CreatedOnToolsVersion = 13.4.1;
					};
					219B4D60286B0BAA0031089B = {
						CreatedOnToolsVersion = 13.4.1;
					};
				};
			};
			buildConfigurationList = 219B4D4F286B0BA60031089B /* Build configuration list for PBXProject "spender" */;
			compatibilityVersion = "Xcode 13.0";
			developmentRegion = en;
			hasScannedForEncodings = 0;
			knownRegions = (
				en,
				Base,
			);
			mainGroup = 219B4D4B286B0BA60031089B;
			productRefGroup = 219B4D5C286B0BAA0031089B /* Products */;
			projectDirPath = "";
			projectRoot = "";
			targets = (
				219B4D5A286B0BAA0031089B /* spender (iOS) */,
				219B4D60286B0BAA0031089B /* spender (macOS) */,
			);
		};
/* End PBXProject section */

/* Begin PBXResourcesBuildPhase section */
		219B4D59286B0BAA0031089B /* Resources */ = {
			isa = PBXResourcesBuildPhase;
			buildActionMask = 2147483647;
			files = (
				219B4D6C286B0BAA0031089B /* Assets.xcassets in Resources */,
			);
			runOnlyForDeploymentPostprocessing = 0;
		};
		219B4D5F286B0BAA0031089B /* Resources */ = {
			isa = PBXResourcesBuildPhase;
			buildActionMask = 2147483647;
			files = (
				219B4D6D286B0BAA0031089B /* Assets.xcassets in Resources */,
			);
			runOnlyForDeploymentPostprocessing = 0;
		};
/* End PBXResourcesBuildPhase section */

/* Begin PBXSourcesBuildPhase section */
		219B4D57286B0BAA0031089B /* Sources */ = {
			isa = PBXSourcesBuildPhase;
			buildActionMask = 2147483647;
			files = (
				21691C86286F137900C750DE /* Income.swift in Sources */,
				21B69C96286B26C90051D81F /* CarouselItem.swift in Sources */,
				219B4D64286B0BAA0031089B /* spender.xcdatamodeld in Sources */,
				212ED3092873172E006100CA /* CreateCategoryScreen.swift in Sources */,
				21699B5A286C51D70023C4F7 /* TopTabView.swift in Sources */,
				21699B54286C3F6D0023C4F7 /* RouterScreen.swift in Sources */,
				219B4D6A286B0BAA0031089B /* Persistence.swift in Sources */,
				21B69CA2286B47790051D81F /* GuardScreen.swift in Sources */,
				219B4D7A286B0DC80031089B /* WelcomeScreen.swift in Sources */,
				21699B57286C433B0023C4F7 /* HomeScreen.swift in Sources */,
				21691C7D286EE55500C750DE /* BudgetScreen.swift in Sources */,
				212ED30C287320B2006100CA /* ExpenceCategory.swift in Sources */,
				219B4D7E286B17CF0031089B /* BrandColors.swift in Sources */,
				219B4D66286B0BAA0031089B /* spenderApp.swift in Sources */,
				219B4D84286B1D210031089B /* CarouselItemView.swift in Sources */,
				21B69C99286B30F70051D81F /* ButtonExtension.swift in Sources */,
				21B69C9F286B38FE0051D81F /* User.swift in Sources */,
				21691C7A286EE3CC00C750DE /* ViewExtension.swift in Sources */,
				219B4D68286B0BAA0031089B /* ContentView.swift in Sources */,
				21691C89286F2ED300C750DE /* CategoriesScreen.swift in Sources */,
			);
			runOnlyForDeploymentPostprocessing = 0;
		};
		219B4D5D286B0BAA0031089B /* Sources */ = {
			isa = PBXSourcesBuildPhase;
			buildActionMask = 2147483647;
			files = (
				21691C87286F137900C750DE /* Income.swift in Sources */,
				21B69C97286B26C90051D81F /* CarouselItem.swift in Sources */,
				219B4D65286B0BAA0031089B /* spender.xcdatamodeld in Sources */,
				212ED30A2873172E006100CA /* CreateCategoryScreen.swift in Sources */,
				21699B5B286C51D70023C4F7 /* TopTabView.swift in Sources */,
				21699B55286C3F6D0023C4F7 /* RouterScreen.swift in Sources */,
				219B4D6B286B0BAA0031089B /* Persistence.swift in Sources */,
				21B69CA3286B47790051D81F /* GuardScreen.swift in Sources */,
				219B4D7B286B0DC80031089B /* WelcomeScreen.swift in Sources */,
				21699B58286C433B0023C4F7 /* HomeScreen.swift in Sources */,
				21691C7E286EE55500C750DE /* BudgetScreen.swift in Sources */,
				212ED30D287320B2006100CA /* ExpenceCategory.swift in Sources */,
				219B4D7F286B17CF0031089B /* BrandColors.swift in Sources */,
				219B4D67286B0BAA0031089B /* spenderApp.swift in Sources */,
				219B4D85286B1D210031089B /* CarouselItemView.swift in Sources */,
				21B69C9A286B30F70051D81F /* ButtonExtension.swift in Sources */,
				21B69CA0286B38FE0051D81F /* User.swift in Sources */,
				21691C7B286EE3CC00C750DE /* ViewExtension.swift in Sources */,
				219B4D69286B0BAA0031089B /* ContentView.swift in Sources */,
				21691C8A286F2ED300C750DE /* CategoriesScreen.swift in Sources */,
			);
			runOnlyForDeploymentPostprocessing = 0;
		};
/* End PBXSourcesBuildPhase section */

/* Begin XCBuildConfiguration section */
		219B4D6E286B0BAA0031089B /* Debug */ = {
			isa = XCBuildConfiguration;
			buildSettings = {
				ALWAYS_SEARCH_USER_PATHS = NO;
				CLANG_ANALYZER_NONNULL = YES;
				CLANG_ANALYZER_NUMBER_OBJECT_CONVERSION = YES_AGGRESSIVE;
				CLANG_CXX_LANGUAGE_STANDARD = "gnu++17";
				CLANG_ENABLE_MODULES = YES;
				CLANG_ENABLE_OBJC_ARC = YES;
				CLANG_ENABLE_OBJC_WEAK = YES;
				CLANG_WARN_BLOCK_CAPTURE_AUTORELEASING = YES;
				CLANG_WARN_BOOL_CONVERSION = YES;
				CLANG_WARN_COMMA = YES;
				CLANG_WARN_CONSTANT_CONVERSION = YES;
				CLANG_WARN_DEPRECATED_OBJC_IMPLEMENTATIONS = YES;
				CLANG_WARN_DIRECT_OBJC_ISA_USAGE = YES_ERROR;
				CLANG_WARN_DOCUMENTATION_COMMENTS = YES;
				CLANG_WARN_EMPTY_BODY = YES;
				CLANG_WARN_ENUM_CONVERSION = YES;
				CLANG_WARN_INFINITE_RECURSION = YES;
				CLANG_WARN_INT_CONVERSION = YES;
				CLANG_WARN_NON_LITERAL_NULL_CONVERSION = YES;
				CLANG_WARN_OBJC_IMPLICIT_RETAIN_SELF = YES;
				CLANG_WARN_OBJC_LITERAL_CONVERSION = YES;
				CLANG_WARN_OBJC_ROOT_CLASS = YES_ERROR;
				CLANG_WARN_QUOTED_INCLUDE_IN_FRAMEWORK_HEADER = YES;
				CLANG_WARN_RANGE_LOOP_ANALYSIS = YES;
				CLANG_WARN_STRICT_PROTOTYPES = YES;
				CLANG_WARN_SUSPICIOUS_MOVE = YES;
				CLANG_WARN_UNGUARDED_AVAILABILITY = YES_AGGRESSIVE;
				CLANG_WARN_UNREACHABLE_CODE = YES;
				CLANG_WARN__DUPLICATE_METHOD_MATCH = YES;
				COPY_PHASE_STRIP = NO;
				DEBUG_INFORMATION_FORMAT = dwarf;
				ENABLE_STRICT_OBJC_MSGSEND = YES;
				ENABLE_TESTABILITY = YES;
				GCC_C_LANGUAGE_STANDARD = gnu11;
				GCC_DYNAMIC_NO_PIC = NO;
				GCC_NO_COMMON_BLOCKS = YES;
				GCC_OPTIMIZATION_LEVEL = 0;
				GCC_PREPROCESSOR_DEFINITIONS = (
					"DEBUG=1",
					"$(inherited)",
				);
				GCC_WARN_64_TO_32_BIT_CONVERSION = YES;
				GCC_WARN_ABOUT_RETURN_TYPE = YES_ERROR;
				GCC_WARN_UNDECLARED_SELECTOR = YES;
				GCC_WARN_UNINITIALIZED_AUTOS = YES_AGGRESSIVE;
				GCC_WARN_UNUSED_FUNCTION = YES;
				GCC_WARN_UNUSED_VARIABLE = YES;
				MTL_ENABLE_DEBUG_INFO = INCLUDE_SOURCE;
				MTL_FAST_MATH = YES;
				ONLY_ACTIVE_ARCH = YES;
				SWIFT_ACTIVE_COMPILATION_CONDITIONS = DEBUG;
				SWIFT_OPTIMIZATION_LEVEL = "-Onone";
			};
			name = Debug;
		};
		219B4D6F286B0BAA0031089B /* Release */ = {
			isa = XCBuildConfiguration;
			buildSettings = {
				ALWAYS_SEARCH_USER_PATHS = NO;
				CLANG_ANALYZER_NONNULL = YES;
				CLANG_ANALYZER_NUMBER_OBJECT_CONVERSION = YES_AGGRESSIVE;
				CLANG_CXX_LANGUAGE_STANDARD = "gnu++17";
				CLANG_ENABLE_MODULES = YES;
				CLANG_ENABLE_OBJC_ARC = YES;
				CLANG_ENABLE_OBJC_WEAK = YES;
				CLANG_WARN_BLOCK_CAPTURE_AUTORELEASING = YES;
				CLANG_WARN_BOOL_CONVERSION = YES;
				CLANG_WARN_COMMA = YES;
				CLANG_WARN_CONSTANT_CONVERSION = YES;
				CLANG_WARN_DEPRECATED_OBJC_IMPLEMENTATIONS = YES;
				CLANG_WARN_DIRECT_OBJC_ISA_USAGE = YES_ERROR;
				CLANG_WARN_DOCUMENTATION_COMMENTS = YES;
				CLANG_WARN_EMPTY_BODY = YES;
				CLANG_WARN_ENUM_CONVERSION = YES;
				CLANG_WARN_INFINITE_RECURSION = YES;
				CLANG_WARN_INT_CONVERSION = YES;
				CLANG_WARN_NON_LITERAL_NULL_CONVERSION = YES;
				CLANG_WARN_OBJC_IMPLICIT_RETAIN_SELF = YES;
				CLANG_WARN_OBJC_LITERAL_CONVERSION = YES;
				CLANG_WARN_OBJC_ROOT_CLASS = YES_ERROR;
				CLANG_WARN_QUOTED_INCLUDE_IN_FRAMEWORK_HEADER = YES;
				CLANG_WARN_RANGE_LOOP_ANALYSIS = YES;
				CLANG_WARN_STRICT_PROTOTYPES = YES;
				CLANG_WARN_SUSPICIOUS_MOVE = YES;
				CLANG_WARN_UNGUARDED_AVAILABILITY = YES_AGGRESSIVE;
				CLANG_WARN_UNREACHABLE_CODE = YES;
				CLANG_WARN__DUPLICATE_METHOD_MATCH = YES;
				COPY_PHASE_STRIP = NO;
				DEBUG_INFORMATION_FORMAT = "dwarf-with-dsym";
				ENABLE_NS_ASSERTIONS = NO;
				ENABLE_STRICT_OBJC_MSGSEND = YES;
				GCC_C_LANGUAGE_STANDARD = gnu11;
				GCC_NO_COMMON_BLOCKS = YES;
				GCC_WARN_64_TO_32_BIT_CONVERSION = YES;
				GCC_WARN_ABOUT_RETURN_TYPE = YES_ERROR;
				GCC_WARN_UNDECLARED_SELECTOR = YES;
				GCC_WARN_UNINITIALIZED_AUTOS = YES_AGGRESSIVE;
				GCC_WARN_UNUSED_FUNCTION = YES;
				GCC_WARN_UNUSED_VARIABLE = YES;
				MTL_ENABLE_DEBUG_INFO = NO;
				MTL_FAST_MATH = YES;
				SWIFT_COMPILATION_MODE = wholemodule;
				SWIFT_OPTIMIZATION_LEVEL = "-O";
			};
			name = Release;
		};
		219B4D71286B0BAA0031089B /* Debug */ = {
			isa = XCBuildConfiguration;
			buildSettings = {
				ASSETCATALOG_COMPILER_APPICON_NAME = AppIcon;
				ASSETCATALOG_COMPILER_GLOBAL_ACCENT_COLOR_NAME = AccentColor;
				CODE_SIGN_ENTITLEMENTS = "spender (iOS).entitlements";
				CODE_SIGN_STYLE = Automatic;
				CURRENT_PROJECT_VERSION = 1;
				DEVELOPMENT_TEAM = 6ANX7ZKG8C;
				ENABLE_PREVIEWS = YES;
				GENERATE_INFOPLIST_FILE = YES;
				INFOPLIST_KEY_UIApplicationSceneManifest_Generation = YES;
				INFOPLIST_KEY_UIApplicationSupportsIndirectInputEvents = YES;
				INFOPLIST_KEY_UILaunchScreen_Generation = YES;
				INFOPLIST_KEY_UISupportedInterfaceOrientations_iPad = "UIInterfaceOrientationPortrait UIInterfaceOrientationPortraitUpsideDown UIInterfaceOrientationLandscapeLeft UIInterfaceOrientationLandscapeRight";
				INFOPLIST_KEY_UISupportedInterfaceOrientations_iPhone = "UIInterfaceOrientationPortrait UIInterfaceOrientationLandscapeLeft UIInterfaceOrientationLandscapeRight";
				IPHONEOS_DEPLOYMENT_TARGET = 15.5;
				LD_RUNPATH_SEARCH_PATHS = (
					"$(inherited)",
					"@executable_path/Frameworks",
				);
				MARKETING_VERSION = 1.0;
				PRODUCT_BUNDLE_IDENTIFIER = com.gsanikidze.spender;
				PRODUCT_NAME = Spender;
				SDKROOT = iphoneos;
				SUPPORTS_MACCATALYST = YES;
				SWIFT_EMIT_LOC_STRINGS = YES;
				SWIFT_VERSION = 5.0;
				TARGETED_DEVICE_FAMILY = "1,2";
			};
			name = Debug;
		};
		219B4D72286B0BAA0031089B /* Release */ = {
			isa = XCBuildConfiguration;
			buildSettings = {
				ASSETCATALOG_COMPILER_APPICON_NAME = AppIcon;
				ASSETCATALOG_COMPILER_GLOBAL_ACCENT_COLOR_NAME = AccentColor;
				CODE_SIGN_ENTITLEMENTS = "spender (iOS).entitlements";
				CODE_SIGN_STYLE = Automatic;
				CURRENT_PROJECT_VERSION = 1;
				DEVELOPMENT_TEAM = 6ANX7ZKG8C;
				ENABLE_PREVIEWS = YES;
				GENERATE_INFOPLIST_FILE = YES;
				INFOPLIST_KEY_UIApplicationSceneManifest_Generation = YES;
				INFOPLIST_KEY_UIApplicationSupportsIndirectInputEvents = YES;
				INFOPLIST_KEY_UILaunchScreen_Generation = YES;
				INFOPLIST_KEY_UISupportedInterfaceOrientations_iPad = "UIInterfaceOrientationPortrait UIInterfaceOrientationPortraitUpsideDown UIInterfaceOrientationLandscapeLeft UIInterfaceOrientationLandscapeRight";
				INFOPLIST_KEY_UISupportedInterfaceOrientations_iPhone = "UIInterfaceOrientationPortrait UIInterfaceOrientationLandscapeLeft UIInterfaceOrientationLandscapeRight";
				IPHONEOS_DEPLOYMENT_TARGET = 15.5;
				LD_RUNPATH_SEARCH_PATHS = (
					"$(inherited)",
					"@executable_path/Frameworks",
				);
				MARKETING_VERSION = 1.0;
				PRODUCT_BUNDLE_IDENTIFIER = com.gsanikidze.spender;
				PRODUCT_NAME = Spender;
				SDKROOT = iphoneos;
				SUPPORTS_MACCATALYST = YES;
				SWIFT_EMIT_LOC_STRINGS = YES;
				SWIFT_VERSION = 5.0;
				TARGETED_DEVICE_FAMILY = "1,2";
				VALIDATE_PRODUCT = YES;
			};
			name = Release;
		};
		219B4D74286B0BAA0031089B /* Debug */ = {
			isa = XCBuildConfiguration;
			buildSettings = {
				ASSETCATALOG_COMPILER_APPICON_NAME = AppIcon;
				ASSETCATALOG_COMPILER_GLOBAL_ACCENT_COLOR_NAME = AccentColor;
				CODE_SIGN_ENTITLEMENTS = macOS/macOS.entitlements;
				CODE_SIGN_STYLE = Automatic;
				COMBINE_HIDPI_IMAGES = YES;
				CURRENT_PROJECT_VERSION = 1;
				DEVELOPMENT_TEAM = 6ANX7ZKG8C;
				ENABLE_HARDENED_RUNTIME = YES;
				ENABLE_PREVIEWS = YES;
				GENERATE_INFOPLIST_FILE = YES;
				INFOPLIST_KEY_NSHumanReadableCopyright = "";
				LD_RUNPATH_SEARCH_PATHS = (
					"$(inherited)",
					"@executable_path/../Frameworks",
				);
				MACOSX_DEPLOYMENT_TARGET = 12.3;
				MARKETING_VERSION = 1.0;
				PRODUCT_BUNDLE_IDENTIFIER = com.gsanikidze.spender;
				PRODUCT_NAME = spender;
				SDKROOT = macosx;
				SWIFT_EMIT_LOC_STRINGS = YES;
				SWIFT_VERSION = 5.0;
			};
			name = Debug;
		};
		219B4D75286B0BAA0031089B /* Release */ = {
			isa = XCBuildConfiguration;
			buildSettings = {
				ASSETCATALOG_COMPILER_APPICON_NAME = AppIcon;
				ASSETCATALOG_COMPILER_GLOBAL_ACCENT_COLOR_NAME = AccentColor;
				CODE_SIGN_ENTITLEMENTS = macOS/macOS.entitlements;
				CODE_SIGN_STYLE = Automatic;
				COMBINE_HIDPI_IMAGES = YES;
				CURRENT_PROJECT_VERSION = 1;
				DEVELOPMENT_TEAM = 6ANX7ZKG8C;
				ENABLE_HARDENED_RUNTIME = YES;
				ENABLE_PREVIEWS = YES;
				GENERATE_INFOPLIST_FILE = YES;
				INFOPLIST_KEY_NSHumanReadableCopyright = "";
				LD_RUNPATH_SEARCH_PATHS = (
					"$(inherited)",
					"@executable_path/../Frameworks",
				);
				MACOSX_DEPLOYMENT_TARGET = 12.3;
				MARKETING_VERSION = 1.0;
				PRODUCT_BUNDLE_IDENTIFIER = com.gsanikidze.spender;
				PRODUCT_NAME = spender;
				SDKROOT = macosx;
				SWIFT_EMIT_LOC_STRINGS = YES;
				SWIFT_VERSION = 5.0;
			};
			name = Release;
		};
/* End XCBuildConfiguration section */

/* Begin XCConfigurationList section */
		219B4D4F286B0BA60031089B /* Build configuration list for PBXProject "spender" */ = {
			isa = XCConfigurationList;
			buildConfigurations = (
				219B4D6E286B0BAA0031089B /* Debug */,
				219B4D6F286B0BAA0031089B /* Release */,
			);
			defaultConfigurationIsVisible = 0;
			defaultConfigurationName = Release;
		};
		219B4D70286B0BAA0031089B /* Build configuration list for PBXNativeTarget "spender (iOS)" */ = {
			isa = XCConfigurationList;
			buildConfigurations = (
				219B4D71286B0BAA0031089B /* Debug */,
				219B4D72286B0BAA0031089B /* Release */,
			);
			defaultConfigurationIsVisible = 0;
			defaultConfigurationName = Release;
		};
		219B4D73286B0BAA0031089B /* Build configuration list for PBXNativeTarget "spender (macOS)" */ = {
			isa = XCConfigurationList;
			buildConfigurations = (
				219B4D74286B0BAA0031089B /* Debug */,
				219B4D75286B0BAA0031089B /* Release */,
			);
			defaultConfigurationIsVisible = 0;
			defaultConfigurationName = Release;
		};
/* End XCConfigurationList section */

/* Begin XCVersionGroup section */
		219B4D51286B0BA60031089B /* spender.xcdatamodeld */ = {
			isa = XCVersionGroup;
			children = (
				219B4D52286B0BA60031089B /* Shared.xcdatamodel */,
			);
			currentVersion = 219B4D52286B0BA60031089B /* Shared.xcdatamodel */;
			path = spender.xcdatamodeld;
			sourceTree = "<group>";
			versionGroupType = wrapper.xcdatamodel;
		};
/* End XCVersionGroup section */
	};
	rootObject = 219B4D4C286B0BA60031089B /* Project object */;
}
